// !$*UTF8*$!
{
	archiveVersion = 1;
	classes = {
	};
	objectVersion = 46;
	objects = {

/* Begin PBXBuildFile section */
		4F08BE9A1D654EC600DCAB26 /* main.cpp in Sources */ = {isa = PBXBuildFile; fileRef = 4F08BE991D654EC600DCAB26 /* main.cpp */; };
		4F08BEA51D65507E00DCAB26 /* main.cpp in Sources */ = {isa = PBXBuildFile; fileRef = 4F08BEA41D65507E00DCAB26 /* main.cpp */; };
		4F08BEB01D65560A00DCAB26 /* main.cpp in Sources */ = {isa = PBXBuildFile; fileRef = 4F08BEAF1D65560A00DCAB26 /* main.cpp */; };
		4F228FD41D5D6179005221A4 /* main.cpp in Sources */ = {isa = PBXBuildFile; fileRef = 4F228FD31D5D6179005221A4 /* main.cpp */; };
		4F2847B11D5C228D0046A44F /* main.cpp in Sources */ = {isa = PBXBuildFile; fileRef = 4F2847B01D5C228D0046A44F /* main.cpp */; };
		4F2847BE1D5C23480046A44F /* main.cpp in Sources */ = {isa = PBXBuildFile; fileRef = 4F2847BD1D5C23480046A44F /* main.cpp */; };
		4F2847C61D5C23C80046A44F /* libstdc++.tbd in Frameworks */ = {isa = PBXBuildFile; fileRef = 4F2847C51D5C23C80046A44F /* libstdc++.tbd */; };
		4F6BBA551D63FF90004B557C /* main.m in Sources */ = {isa = PBXBuildFile; fileRef = 4F6BBA541D63FF90004B557C /* main.m */; };
		4F6BBA601D640CD3004B557C /* main.cpp in Sources */ = {isa = PBXBuildFile; fileRef = 4F6BBA5F1D640CD3004B557C /* main.cpp */; };
/* End PBXBuildFile section */

/* Begin PBXCopyFilesBuildPhase section */
		4F08BE951D654EC600DCAB26 /* CopyFiles */ = {
			isa = PBXCopyFilesBuildPhase;
			buildActionMask = 2147483647;
			dstPath = /usr/share/man/man1/;
			dstSubfolderSpec = 0;
			files = (
			);
			runOnlyForDeploymentPostprocessing = 1;
		};
		4F08BEA01D65507E00DCAB26 /* CopyFiles */ = {
			isa = PBXCopyFilesBuildPhase;
			buildActionMask = 2147483647;
			dstPath = /usr/share/man/man1/;
			dstSubfolderSpec = 0;
			files = (
			);
			runOnlyForDeploymentPostprocessing = 1;
		};
		4F08BEAB1D65560A00DCAB26 /* CopyFiles */ = {
			isa = PBXCopyFilesBuildPhase;
			buildActionMask = 2147483647;
			dstPath = /usr/share/man/man1/;
			dstSubfolderSpec = 0;
			files = (
			);
			runOnlyForDeploymentPostprocessing = 1;
		};
		4F228FCF1D5D6179005221A4 /* CopyFiles */ = {
			isa = PBXCopyFilesBuildPhase;
			buildActionMask = 2147483647;
			dstPath = /usr/share/man/man1/;
			dstSubfolderSpec = 0;
			files = (
			);
			runOnlyForDeploymentPostprocessing = 1;
		};
		4F2847AB1D5C228D0046A44F /* CopyFiles */ = {
			isa = PBXCopyFilesBuildPhase;
			buildActionMask = 2147483647;
			dstPath = /usr/share/man/man1/;
			dstSubfolderSpec = 0;
			files = (
			);
			runOnlyForDeploymentPostprocessing = 1;
		};
		4F2847B91D5C23480046A44F /* CopyFiles */ = {
			isa = PBXCopyFilesBuildPhase;
			buildActionMask = 2147483647;
			dstPath = /usr/share/man/man1/;
			dstSubfolderSpec = 0;
			files = (
			);
			runOnlyForDeploymentPostprocessing = 1;
		};
		4F6BBA501D63FF90004B557C /* CopyFiles */ = {
			isa = PBXCopyFilesBuildPhase;
			buildActionMask = 2147483647;
			dstPath = /usr/share/man/man1/;
			dstSubfolderSpec = 0;
			files = (
			);
			runOnlyForDeploymentPostprocessing = 1;
		};
		4F6BBA5B1D640CD3004B557C /* CopyFiles */ = {
			isa = PBXCopyFilesBuildPhase;
			buildActionMask = 2147483647;
			dstPath = /usr/share/man/man1/;
			dstSubfolderSpec = 0;
			files = (
			);
			runOnlyForDeploymentPostprocessing = 1;
		};
/* End PBXCopyFilesBuildPhase section */

/* Begin PBXFileReference section */
		4F08BE971D654EC600DCAB26 /* Kangaroo */ = {isa = PBXFileReference; explicitFileType = "compiled.mach-o.executable"; includeInIndex = 0; path = Kangaroo; sourceTree = BUILT_PRODUCTS_DIR; };
		4F08BE991D654EC600DCAB26 /* main.cpp */ = {isa = PBXFileReference; lastKnownFileType = sourcecode.cpp.cpp; path = main.cpp; sourceTree = "<group>"; };
		4F08BEA21D65507E00DCAB26 /* DivisibleSumPairs */ = {isa = PBXFileReference; explicitFileType = "compiled.mach-o.executable"; includeInIndex = 0; path = DivisibleSumPairs; sourceTree = BUILT_PRODUCTS_DIR; };
		4F08BEA41D65507E00DCAB26 /* main.cpp */ = {isa = PBXFileReference; lastKnownFileType = sourcecode.cpp.cpp; path = main.cpp; sourceTree = "<group>"; };
		4F08BEAD1D65560A00DCAB26 /* AngryProfessor */ = {isa = PBXFileReference; explicitFileType = "compiled.mach-o.executable"; includeInIndex = 0; path = AngryProfessor; sourceTree = BUILT_PRODUCTS_DIR; };
		4F08BEAF1D65560A00DCAB26 /* main.cpp */ = {isa = PBXFileReference; lastKnownFileType = sourcecode.cpp.cpp; path = main.cpp; sourceTree = "<group>"; };
		4F228FD11D5D6179005221A4 /* Day2 */ = {isa = PBXFileReference; explicitFileType = "compiled.mach-o.executable"; includeInIndex = 0; path = Day2; sourceTree = BUILT_PRODUCTS_DIR; };
		4F228FD31D5D6179005221A4 /* main.cpp */ = {isa = PBXFileReference; lastKnownFileType = sourcecode.cpp.cpp; path = main.cpp; sourceTree = "<group>"; };
		4F2847AD1D5C228D0046A44F /* HackerRank */ = {isa = PBXFileReference; explicitFileType = "compiled.mach-o.executable"; includeInIndex = 0; path = HackerRank; sourceTree = BUILT_PRODUCTS_DIR; };
		4F2847B01D5C228D0046A44F /* main.cpp */ = {isa = PBXFileReference; lastKnownFileType = sourcecode.cpp.cpp; path = main.cpp; sourceTree = "<group>"; };
		4F2847BB1D5C23480046A44F /* Day1 */ = {isa = PBXFileReference; explicitFileType = "compiled.mach-o.executable"; includeInIndex = 0; path = Day1; sourceTree = BUILT_PRODUCTS_DIR; };
		4F2847BD1D5C23480046A44F /* main.cpp */ = {isa = PBXFileReference; lastKnownFileType = sourcecode.cpp.cpp; path = main.cpp; sourceTree = "<group>"; };
		4F2847C51D5C23C80046A44F /* libstdc++.tbd */ = {isa = PBXFileReference; lastKnownFileType = "sourcecode.text-based-dylib-definition"; name = "libstdc++.tbd"; path = "usr/lib/libstdc++.tbd"; sourceTree = SDKROOT; };
		4F6BBA521D63FF90004B557C /* TimeConvertion */ = {isa = PBXFileReference; explicitFileType = "compiled.mach-o.executable"; includeInIndex = 0; path = TimeConvertion; sourceTree = BUILT_PRODUCTS_DIR; };
		4F6BBA541D63FF90004B557C /* main.m */ = {isa = PBXFileReference; lastKnownFileType = sourcecode.c.objc; path = main.m; sourceTree = "<group>"; };
		4F6BBA5D1D640CD3004B557C /* CircleArrayRotation */ = {isa = PBXFileReference; explicitFileType = "compiled.mach-o.executable"; includeInIndex = 0; path = CircleArrayRotation; sourceTree = BUILT_PRODUCTS_DIR; };
		4F6BBA5F1D640CD3004B557C /* main.cpp */ = {isa = PBXFileReference; lastKnownFileType = sourcecode.cpp.cpp; path = main.cpp; sourceTree = "<group>"; };
/* End PBXFileReference section */

/* Begin PBXFrameworksBuildPhase section */
		4F08BE941D654EC600DCAB26 /* Frameworks */ = {
			isa = PBXFrameworksBuildPhase;
			buildActionMask = 2147483647;
			files = (
			);
			runOnlyForDeploymentPostprocessing = 0;
		};
		4F08BE9F1D65507E00DCAB26 /* Frameworks */ = {
			isa = PBXFrameworksBuildPhase;
			buildActionMask = 2147483647;
			files = (
			);
			runOnlyForDeploymentPostprocessing = 0;
		};
		4F08BEAA1D65560A00DCAB26 /* Frameworks */ = {
			isa = PBXFrameworksBuildPhase;
			buildActionMask = 2147483647;
			files = (
			);
			runOnlyForDeploymentPostprocessing = 0;
		};
		4F228FCE1D5D6179005221A4 /* Frameworks */ = {
			isa = PBXFrameworksBuildPhase;
			buildActionMask = 2147483647;
			files = (
			);
			runOnlyForDeploymentPostprocessing = 0;
		};
		4F2847AA1D5C228D0046A44F /* Frameworks */ = {
			isa = PBXFrameworksBuildPhase;
			buildActionMask = 2147483647;
			files = (
			);
			runOnlyForDeploymentPostprocessing = 0;
		};
		4F2847B81D5C23480046A44F /* Frameworks */ = {
			isa = PBXFrameworksBuildPhase;
			buildActionMask = 2147483647;
			files = (
				4F2847C61D5C23C80046A44F /* libstdc++.tbd in Frameworks */,
			);
			runOnlyForDeploymentPostprocessing = 0;
		};
		4F6BBA4F1D63FF90004B557C /* Frameworks */ = {
			isa = PBXFrameworksBuildPhase;
			buildActionMask = 2147483647;
			files = (
			);
			runOnlyForDeploymentPostprocessing = 0;
		};
		4F6BBA5A1D640CD3004B557C /* Frameworks */ = {
			isa = PBXFrameworksBuildPhase;
			buildActionMask = 2147483647;
			files = (
			);
			runOnlyForDeploymentPostprocessing = 0;
		};
/* End PBXFrameworksBuildPhase section */

/* Begin PBXGroup section */
		4F08BE981D654EC600DCAB26 /* Kangaroo */ = {
			isa = PBXGroup;
			children = (
				4F08BE991D654EC600DCAB26 /* main.cpp */,
			);
			path = Kangaroo;
			sourceTree = "<group>";
		};
		4F08BEA31D65507E00DCAB26 /* DivisibleSumPairs */ = {
			isa = PBXGroup;
			children = (
				4F08BEA41D65507E00DCAB26 /* main.cpp */,
			);
			path = DivisibleSumPairs;
			sourceTree = "<group>";
		};
		4F08BEAE1D65560A00DCAB26 /* AngryProfessor */ = {
			isa = PBXGroup;
			children = (
				4F08BEAF1D65560A00DCAB26 /* main.cpp */,
			);
			path = AngryProfessor;
			sourceTree = "<group>";
		};
		4F228FD21D5D6179005221A4 /* Day2 */ = {
			isa = PBXGroup;
			children = (
				4F228FD31D5D6179005221A4 /* main.cpp */,
			);
			path = Day2;
			sourceTree = "<group>";
		};
		4F2847A41D5C228D0046A44F = {
			isa = PBXGroup;
			children = (
				4F2847C51D5C23C80046A44F /* libstdc++.tbd */,
				4F2847AF1D5C228D0046A44F /* HackerRank */,
				4F2847BC1D5C23480046A44F /* Day1 */,
				4F228FD21D5D6179005221A4 /* Day2 */,
				4F6BBA531D63FF90004B557C /* TimeConvertion */,
				4F6BBA5E1D640CD3004B557C /* CircleArrayRotation */,
				4F08BE981D654EC600DCAB26 /* Kangaroo */,
				4F08BEA31D65507E00DCAB26 /* DivisibleSumPairs */,
				4F08BEAE1D65560A00DCAB26 /* AngryProfessor */,
				4F2847AE1D5C228D0046A44F /* Products */,
			);
			sourceTree = "<group>";
		};
		4F2847AE1D5C228D0046A44F /* Products */ = {
			isa = PBXGroup;
			children = (
				4F2847AD1D5C228D0046A44F /* HackerRank */,
				4F2847BB1D5C23480046A44F /* Day1 */,
				4F228FD11D5D6179005221A4 /* Day2 */,
				4F6BBA521D63FF90004B557C /* TimeConvertion */,
				4F6BBA5D1D640CD3004B557C /* CircleArrayRotation */,
				4F08BE971D654EC600DCAB26 /* Kangaroo */,
				4F08BEA21D65507E00DCAB26 /* DivisibleSumPairs */,
				4F08BEAD1D65560A00DCAB26 /* AngryProfessor */,
			);
			name = Products;
			sourceTree = "<group>";
		};
		4F2847AF1D5C228D0046A44F /* HackerRank */ = {
			isa = PBXGroup;
			children = (
				4F2847B01D5C228D0046A44F /* main.cpp */,
			);
			path = HackerRank;
			sourceTree = "<group>";
		};
		4F2847BC1D5C23480046A44F /* Day1 */ = {
			isa = PBXGroup;
			children = (
				4F2847BD1D5C23480046A44F /* main.cpp */,
			);
			path = Day1;
			sourceTree = "<group>";
		};
		4F6BBA531D63FF90004B557C /* TimeConvertion */ = {
			isa = PBXGroup;
			children = (
				4F6BBA541D63FF90004B557C /* main.m */,
			);
			path = TimeConvertion;
			sourceTree = "<group>";
		};
		4F6BBA5E1D640CD3004B557C /* CircleArrayRotation */ = {
			isa = PBXGroup;
			children = (
				4F6BBA5F1D640CD3004B557C /* main.cpp */,
			);
			path = CircleArrayRotation;
			sourceTree = "<group>";
		};
/* End PBXGroup section */

/* Begin PBXNativeTarget section */
		4F08BE961D654EC600DCAB26 /* Kangaroo */ = {
			isa = PBXNativeTarget;
			buildConfigurationList = 4F08BE9D1D654EC600DCAB26 /* Build configuration list for PBXNativeTarget "Kangaroo" */;
			buildPhases = (
				4F08BE931D654EC600DCAB26 /* Sources */,
				4F08BE941D654EC600DCAB26 /* Frameworks */,
				4F08BE951D654EC600DCAB26 /* CopyFiles */,
			);
			buildRules = (
			);
			dependencies = (
			);
			name = Kangaroo;
			productName = Kangaroo;
			productReference = 4F08BE971D654EC600DCAB26 /* Kangaroo */;
			productType = "com.apple.product-type.tool";
		};
		4F08BEA11D65507E00DCAB26 /* DivisibleSumPairs */ = {
			isa = PBXNativeTarget;
			buildConfigurationList = 4F08BEA61D65507E00DCAB26 /* Build configuration list for PBXNativeTarget "DivisibleSumPairs" */;
			buildPhases = (
				4F08BE9E1D65507E00DCAB26 /* Sources */,
				4F08BE9F1D65507E00DCAB26 /* Frameworks */,
				4F08BEA01D65507E00DCAB26 /* CopyFiles */,
			);
			buildRules = (
			);
			dependencies = (
			);
			name = DivisibleSumPairs;
			productName = DivisibleSumPairs;
			productReference = 4F08BEA21D65507E00DCAB26 /* DivisibleSumPairs */;
			productType = "com.apple.product-type.tool";
		};
		4F08BEAC1D65560A00DCAB26 /* AngryProfessor */ = {
			isa = PBXNativeTarget;
			buildConfigurationList = 4F08BEB11D65560A00DCAB26 /* Build configuration list for PBXNativeTarget "AngryProfessor" */;
			buildPhases = (
				4F08BEA91D65560A00DCAB26 /* Sources */,
				4F08BEAA1D65560A00DCAB26 /* Frameworks */,
				4F08BEAB1D65560A00DCAB26 /* CopyFiles */,
			);
			buildRules = (
			);
			dependencies = (
			);
			name = AngryProfessor;
			productName = AngryProfessor;
			productReference = 4F08BEAD1D65560A00DCAB26 /* AngryProfessor */;
			productType = "com.apple.product-type.tool";
		};
		4F228FD01D5D6179005221A4 /* Day2 */ = {
			isa = PBXNativeTarget;
			buildConfigurationList = 4F228FD71D5D6179005221A4 /* Build configuration list for PBXNativeTarget "Day2" */;
			buildPhases = (
				4F228FCD1D5D6179005221A4 /* Sources */,
				4F228FCE1D5D6179005221A4 /* Frameworks */,
				4F228FCF1D5D6179005221A4 /* CopyFiles */,
			);
			buildRules = (
			);
			dependencies = (
			);
			name = Day2;
			productName = Day2;
			productReference = 4F228FD11D5D6179005221A4 /* Day2 */;
			productType = "com.apple.product-type.tool";
		};
		4F2847AC1D5C228D0046A44F /* HackerRank */ = {
			isa = PBXNativeTarget;
			buildConfigurationList = 4F2847B41D5C228D0046A44F /* Build configuration list for PBXNativeTarget "HackerRank" */;
			buildPhases = (
				4F2847A91D5C228D0046A44F /* Sources */,
				4F2847AA1D5C228D0046A44F /* Frameworks */,
				4F2847AB1D5C228D0046A44F /* CopyFiles */,
			);
			buildRules = (
			);
			dependencies = (
			);
			name = HackerRank;
			productName = HackerRank;
			productReference = 4F2847AD1D5C228D0046A44F /* HackerRank */;
			productType = "com.apple.product-type.tool";
		};
		4F2847BA1D5C23480046A44F /* Day1 */ = {
			isa = PBXNativeTarget;
			buildConfigurationList = 4F2847BF1D5C23480046A44F /* Build configuration list for PBXNativeTarget "Day1" */;
			buildPhases = (
				4F2847B71D5C23480046A44F /* Sources */,
				4F2847B81D5C23480046A44F /* Frameworks */,
				4F2847B91D5C23480046A44F /* CopyFiles */,
			);
			buildRules = (
			);
			dependencies = (
			);
			name = Day1;
			productName = Day1;
			productReference = 4F2847BB1D5C23480046A44F /* Day1 */;
			productType = "com.apple.product-type.tool";
		};
		4F6BBA511D63FF90004B557C /* TimeConvertion */ = {
			isa = PBXNativeTarget;
			buildConfigurationList = 4F6BBA581D63FF90004B557C /* Build configuration list for PBXNativeTarget "TimeConvertion" */;
			buildPhases = (
				4F6BBA4E1D63FF90004B557C /* Sources */,
				4F6BBA4F1D63FF90004B557C /* Frameworks */,
				4F6BBA501D63FF90004B557C /* CopyFiles */,
			);
			buildRules = (
			);
			dependencies = (
			);
			name = TimeConvertion;
			productName = TimeConvertion;
			productReference = 4F6BBA521D63FF90004B557C /* TimeConvertion */;
			productType = "com.apple.product-type.tool";
		};
		4F6BBA5C1D640CD3004B557C /* CircleArrayRotation */ = {
			isa = PBXNativeTarget;
			buildConfigurationList = 4F6BBA611D640CD3004B557C /* Build configuration list for PBXNativeTarget "CircleArrayRotation" */;
			buildPhases = (
				4F6BBA591D640CD3004B557C /* Sources */,
				4F6BBA5A1D640CD3004B557C /* Frameworks */,
				4F6BBA5B1D640CD3004B557C /* CopyFiles */,
			);
			buildRules = (
			);
			dependencies = (
			);
			name = CircleArrayRotation;
			productName = CircleArrayRotation;
			productReference = 4F6BBA5D1D640CD3004B557C /* CircleArrayRotation */;
			productType = "com.apple.product-type.tool";
		};
/* End PBXNativeTarget section */

/* Begin PBXProject section */
		4F2847A51D5C228D0046A44F /* Project object */ = {
			isa = PBXProject;
			attributes = {
				LastUpgradeCheck = 0730;
				ORGANIZATIONNAME = "Andrew Yang";
				TargetAttributes = {
					4F08BE961D654EC600DCAB26 = {
						CreatedOnToolsVersion = 7.3.1;
					};
					4F08BEA11D65507E00DCAB26 = {
						CreatedOnToolsVersion = 7.3.1;
					};
					4F08BEAC1D65560A00DCAB26 = {
						CreatedOnToolsVersion = 7.3.1;
					};
					4F228FD01D5D6179005221A4 = {
						CreatedOnToolsVersion = 7.3.1;
					};
					4F2847AC1D5C228D0046A44F = {
						CreatedOnToolsVersion = 7.3.1;
					};
					4F2847BA1D5C23480046A44F = {
						CreatedOnToolsVersion = 7.3.1;
					};
					4F6BBA511D63FF90004B557C = {
						CreatedOnToolsVersion = 7.3.1;
					};
					4F6BBA5C1D640CD3004B557C = {
						CreatedOnToolsVersion = 7.3.1;
					};
				};
			};
			buildConfigurationList = 4F2847A81D5C228D0046A44F /* Build configuration list for PBXProject "HackerRank" */;
			compatibilityVersion = "Xcode 3.2";
			developmentRegion = English;
			hasScannedForEncodings = 0;
			knownRegions = (
				en,
			);
			mainGroup = 4F2847A41D5C228D0046A44F;
			productRefGroup = 4F2847AE1D5C228D0046A44F /* Products */;
			projectDirPath = "";
			projectRoot = "";
			targets = (
				4F2847AC1D5C228D0046A44F /* HackerRank */,
				4F2847BA1D5C23480046A44F /* Day1 */,
				4F228FD01D5D6179005221A4 /* Day2 */,
				4F6BBA511D63FF90004B557C /* TimeConvertion */,
				4F6BBA5C1D640CD3004B557C /* CircleArrayRotation */,
				4F08BE961D654EC600DCAB26 /* Kangaroo */,
				4F08BEA11D65507E00DCAB26 /* DivisibleSumPairs */,
				4F08BEAC1D65560A00DCAB26 /* AngryProfessor */,
			);
		};
/* End PBXProject section */

/* Begin PBXSourcesBuildPhase section */
		4F08BE931D654EC600DCAB26 /* Sources */ = {
			isa = PBXSourcesBuildPhase;
			buildActionMask = 2147483647;
			files = (
				4F08BE9A1D654EC600DCAB26 /* main.cpp in Sources */,
			);
			runOnlyForDeploymentPostprocessing = 0;
		};
		4F08BE9E1D65507E00DCAB26 /* Sources */ = {
			isa = PBXSourcesBuildPhase;
			buildActionMask = 2147483647;
			files = (
				4F08BEA51D65507E00DCAB26 /* main.cpp in Sources */,
			);
			runOnlyForDeploymentPostprocessing = 0;
		};
		4F08BEA91D65560A00DCAB26 /* Sources */ = {
			isa = PBXSourcesBuildPhase;
			buildActionMask = 2147483647;
			files = (
				4F08BEB01D65560A00DCAB26 /* main.cpp in Sources */,
			);
			runOnlyForDeploymentPostprocessing = 0;
		};
		4F228FCD1D5D6179005221A4 /* Sources */ = {
			isa = PBXSourcesBuildPhase;
			buildActionMask = 2147483647;
			files = (
				4F228FD41D5D6179005221A4 /* main.cpp in Sources */,
			);
			runOnlyForDeploymentPostprocessing = 0;
		};
		4F2847A91D5C228D0046A44F /* Sources */ = {
			isa = PBXSourcesBuildPhase;
			buildActionMask = 2147483647;
			files = (
				4F2847B11D5C228D0046A44F /* main.cpp in Sources */,
			);
			runOnlyForDeploymentPostprocessing = 0;
		};
		4F2847B71D5C23480046A44F /* Sources */ = {
			isa = PBXSourcesBuildPhase;
			buildActionMask = 2147483647;
			files = (
				4F2847BE1D5C23480046A44F /* main.cpp in Sources */,
			);
			runOnlyForDeploymentPostprocessing = 0;
		};
		4F6BBA4E1D63FF90004B557C /* Sources */ = {
			isa = PBXSourcesBuildPhase;
			buildActionMask = 2147483647;
			files = (
				4F6BBA551D63FF90004B557C /* main.m in Sources */,
			);
			runOnlyForDeploymentPostprocessing = 0;
		};
		4F6BBA591D640CD3004B557C /* Sources */ = {
			isa = PBXSourcesBuildPhase;
			buildActionMask = 2147483647;
			files = (
				4F6BBA601D640CD3004B557C /* main.cpp in Sources */,
			);
			runOnlyForDeploymentPostprocessing = 0;
		};
/* End PBXSourcesBuildPhase section */

/* Begin XCBuildConfiguration section */
		4F08BE9B1D654EC600DCAB26 /* Debug */ = {
			isa = XCBuildConfiguration;
			buildSettings = {
				PRODUCT_NAME = "$(TARGET_NAME)";
			};
			name = Debug;
		};
		4F08BE9C1D654EC600DCAB26 /* Release */ = {
			isa = XCBuildConfiguration;
			buildSettings = {
				PRODUCT_NAME = "$(TARGET_NAME)";
			};
			name = Release;
		};
		4F08BEA71D65507E00DCAB26 /* Debug */ = {
			isa = XCBuildConfiguration;
			buildSettings = {
				PRODUCT_NAME = "$(TARGET_NAME)";
			};
			name = Debug;
		};
		4F08BEA81D65507E00DCAB26 /* Release */ = {
			isa = XCBuildConfiguration;
			buildSettings = {
				PRODUCT_NAME = "$(TARGET_NAME)";
			};
			name = Release;
		};
		4F08BEB21D65560A00DCAB26 /* Debug */ = {
			isa = XCBuildConfiguration;
			buildSettings = {
				PRODUCT_NAME = "$(TARGET_NAME)";
			};
			name = Debug;
		};
		4F08BEB31D65560A00DCAB26 /* Release */ = {
			isa = XCBuildConfiguration;
			buildSettings = {
				PRODUCT_NAME = "$(TARGET_NAME)";
			};
			name = Release;
		};
		4F228FD51D5D6179005221A4 /* Debug */ = {
			isa = XCBuildConfiguration;
			buildSettings = {
				PRODUCT_NAME = "$(TARGET_NAME)";
			};
			name = Debug;
		};
		4F228FD61D5D6179005221A4 /* Release */ = {
			isa = XCBuildConfiguration;
			buildSettings = {
				PRODUCT_NAME = "$(TARGET_NAME)";
			};
			name = Release;
		};
		4F2847B21D5C228D0046A44F /* Debug */ = {
			isa = XCBuildConfiguration;
			buildSettings = {
				ALWAYS_SEARCH_USER_PATHS = NO;
				CLANG_ANALYZER_NONNULL = YES;
				CLANG_CXX_LANGUAGE_STANDARD = "gnu++0x";
				CLANG_CXX_LIBRARY = "libc++";
				CLANG_ENABLE_MODULES = YES;
				CLANG_ENABLE_OBJC_ARC = YES;
				CLANG_WARN_BOOL_CONVERSION = YES;
				CLANG_WARN_CONSTANT_CONVERSION = YES;
				CLANG_WARN_DIRECT_OBJC_ISA_USAGE = YES_ERROR;
				CLANG_WARN_EMPTY_BODY = YES;
				CLANG_WARN_ENUM_CONVERSION = YES;
				CLANG_WARN_INT_CONVERSION = YES;
				CLANG_WARN_OBJC_ROOT_CLASS = YES_ERROR;
				CLANG_WARN_UNREACHABLE_CODE = YES;
				CLANG_WARN__DUPLICATE_METHOD_MATCH = YES;
				CODE_SIGN_IDENTITY = "-";
				COPY_PHASE_STRIP = NO;
				DEBUG_INFORMATION_FORMAT = dwarf;
				ENABLE_STRICT_OBJC_MSGSEND = YES;
				ENABLE_TESTABILITY = YES;
				GCC_C_LANGUAGE_STANDARD = gnu99;
				GCC_DYNAMIC_NO_PIC = NO;
				GCC_NO_COMMON_BLOCKS = YES;
				GCC_OPTIMIZATION_LEVEL = 0;
				GCC_PREPROCESSOR_DEFINITIONS = (
					"DEBUG=1",
					"$(inherited)",
				);
				GCC_WARN_64_TO_32_BIT_CONVERSION = YES;
				GCC_WARN_ABOUT_RETURN_TYPE = YES_ERROR;
				GCC_WARN_UNDECLARED_SELECTOR = YES;
				GCC_WARN_UNINITIALIZED_AUTOS = YES_AGGRESSIVE;
				GCC_WARN_UNUSED_FUNCTION = YES;
				GCC_WARN_UNUSED_VARIABLE = YES;
				MACOSX_DEPLOYMENT_TARGET = 10.11;
				MTL_ENABLE_DEBUG_INFO = YES;
				ONLY_ACTIVE_ARCH = YES;
				SDKROOT = macosx;
			};
			name = Debug;
		};
		4F2847B31D5C228D0046A44F /* Release */ = {
			isa = XCBuildConfiguration;
			buildSettings = {
				ALWAYS_SEARCH_USER_PATHS = NO;
				CLANG_ANALYZER_NONNULL = YES;
				CLANG_CXX_LANGUAGE_STANDARD = "gnu++0x";
				CLANG_CXX_LIBRARY = "libc++";
				CLANG_ENABLE_MODULES = YES;
				CLANG_ENABLE_OBJC_ARC = YES;
				CLANG_WARN_BOOL_CONVERSION = YES;
				CLANG_WARN_CONSTANT_CONVERSION = YES;
				CLANG_WARN_DIRECT_OBJC_ISA_USAGE = YES_ERROR;
				CLANG_WARN_EMPTY_BODY = YES;
				CLANG_WARN_ENUM_CONVERSION = YES;
				CLANG_WARN_INT_CONVERSION = YES;
				CLANG_WARN_OBJC_ROOT_CLASS = YES_ERROR;
				CLANG_WARN_UNREACHABLE_CODE = YES;
				CLANG_WARN__DUPLICATE_METHOD_MATCH = YES;
				CODE_SIGN_IDENTITY = "-";
				COPY_PHASE_STRIP = NO;
				DEBUG_INFORMATION_FORMAT = "dwarf-with-dsym";
				ENABLE_NS_ASSERTIONS = NO;
				ENABLE_STRICT_OBJC_MSGSEND = YES;
				GCC_C_LANGUAGE_STANDARD = gnu99;
				GCC_NO_COMMON_BLOCKS = YES;
				GCC_WARN_64_TO_32_BIT_CONVERSION = YES;
				GCC_WARN_ABOUT_RETURN_TYPE = YES_ERROR;
				GCC_WARN_UNDECLARED_SELECTOR = YES;
				GCC_WARN_UNINITIALIZED_AUTOS = YES_AGGRESSIVE;
				GCC_WARN_UNUSED_FUNCTION = YES;
				GCC_WARN_UNUSED_VARIABLE = YES;
				MACOSX_DEPLOYMENT_TARGET = 10.11;
				MTL_ENABLE_DEBUG_INFO = NO;
				SDKROOT = macosx;
			};
			name = Release;
		};
		4F2847B51D5C228D0046A44F /* Debug */ = {
			isa = XCBuildConfiguration;
			buildSettings = {
				PRODUCT_NAME = "$(TARGET_NAME)";
			};
			name = Debug;
		};
		4F2847B61D5C228D0046A44F /* Release */ = {
			isa = XCBuildConfiguration;
			buildSettings = {
				PRODUCT_NAME = "$(TARGET_NAME)";
			};
			name = Release;
		};
		4F2847C01D5C23480046A44F /* Debug */ = {
			isa = XCBuildConfiguration;
			buildSettings = {
				PRODUCT_NAME = "$(TARGET_NAME)";
			};
			name = Debug;
		};
		4F2847C11D5C23480046A44F /* Release */ = {
			isa = XCBuildConfiguration;
			buildSettings = {
				PRODUCT_NAME = "$(TARGET_NAME)";
			};
			name = Release;
		};
		4F6BBA561D63FF90004B557C /* Debug */ = {
			isa = XCBuildConfiguration;
			buildSettings = {
				PRODUCT_NAME = "$(TARGET_NAME)";
			};
			name = Debug;
		};
		4F6BBA571D63FF90004B557C /* Release */ = {
			isa = XCBuildConfiguration;
			buildSettings = {
				PRODUCT_NAME = "$(TARGET_NAME)";
			};
			name = Release;
		};
		4F6BBA621D640CD3004B557C /* Debug */ = {
			isa = XCBuildConfiguration;
			buildSettings = {
				PRODUCT_NAME = "$(TARGET_NAME)";
			};
			name = Debug;
		};
		4F6BBA631D640CD3004B557C /* Release */ = {
			isa = XCBuildConfiguration;
			buildSettings = {
				PRODUCT_NAME = "$(TARGET_NAME)";
			};
			name = Release;
		};
/* End XCBuildConfiguration section */

/* Begin XCConfigurationList section */
		4F08BE9D1D654EC600DCAB26 /* Build configuration list for PBXNativeTarget "Kangaroo" */ = {
			isa = XCConfigurationList;
			buildConfigurations = (
				4F08BE9B1D654EC600DCAB26 /* Debug */,
				4F08BE9C1D654EC600DCAB26 /* Release */,
			);
			defaultConfigurationIsVisible = 0;
		};
		4F08BEA61D65507E00DCAB26 /* Build configuration list for PBXNativeTarget "DivisibleSumPairs" */ = {
			isa = XCConfigurationList;
			buildConfigurations = (
				4F08BEA71D65507E00DCAB26 /* Debug */,
				4F08BEA81D65507E00DCAB26 /* Release */,
			);
			defaultConfigurationIsVisible = 0;
		};
		4F08BEB11D65560A00DCAB26 /* Build configuration list for PBXNativeTarget "AngryProfessor" */ = {
			isa = XCConfigurationList;
			buildConfigurations = (
				4F08BEB21D65560A00DCAB26 /* Debug */,
				4F08BEB31D65560A00DCAB26 /* Release */,
			);
			defaultConfigurationIsVisible = 0;
		};
		4F228FD71D5D6179005221A4 /* Build configuration list for PBXNativeTarget "Day2" */ = {
			isa = XCConfigurationList;
			buildConfigurations = (
				4F228FD51D5D6179005221A4 /* Debug */,
				4F228FD61D5D6179005221A4 /* Release */,
			);
			defaultConfigurationIsVisible = 0;
			defaultConfigurationName = Release;
		};
		4F2847A81D5C228D0046A44F /* Build configuration list for PBXProject "HackerRank" */ = {
			isa = XCConfigurationList;
			buildConfigurations = (
				4F2847B21D5C228D0046A44F /* Debug */,
				4F2847B31D5C228D0046A44F /* Release */,
			);
			defaultConfigurationIsVisible = 0;
			defaultConfigurationName = Release;
		};
		4F2847B41D5C228D0046A44F /* Build configuration list for PBXNativeTarget "HackerRank" */ = {
			isa = XCConfigurationList;
			buildConfigurations = (
				4F2847B51D5C228D0046A44F /* Debug */,
				4F2847B61D5C228D0046A44F /* Release */,
			);
			defaultConfigurationIsVisible = 0;
			defaultConfigurationName = Release;
		};
		4F2847BF1D5C23480046A44F /* Build configuration list for PBXNativeTarget "Day1" */ = {
			isa = XCConfigurationList;
			buildConfigurations = (
				4F2847C01D5C23480046A44F /* Debug */,
				4F2847C11D5C23480046A44F /* Release */,
			);
			defaultConfigurationIsVisible = 0;
			defaultConfigurationName = Release;
		};
		4F6BBA581D63FF90004B557C /* Build configuration list for PBXNativeTarget "TimeConvertion" */ = {
			isa = XCConfigurationList;
			buildConfigurations = (
				4F6BBA561D63FF90004B557C /* Debug */,
				4F6BBA571D63FF90004B557C /* Release */,
			);
			defaultConfigurationIsVisible = 0;
			defaultConfigurationName = Release;
		};
		4F6BBA611D640CD3004B557C /* Build configuration list for PBXNativeTarget "CircleArrayRotation" */ = {
			isa = XCConfigurationList;
			buildConfigurations = (
				4F6BBA621D640CD3004B557C /* Debug */,
				4F6BBA631D640CD3004B557C /* Release */,
			);
			defaultConfigurationIsVisible = 0;
			defaultConfigurationName = Release;
		};
/* End XCConfigurationList section */
	};
	rootObject = 4F2847A51D5C228D0046A44F /* Project object */;
}
